
Microsoft Visual Studio Solution File, Format Version 12.00
# Visual Studio Version 16
VisualStudioVersion = 16.0.32413.511
MinimumVisualStudioVersion = 10.0.40219.1
Project("{9A19103F-16F7-4668-BE54-9A1E7A4F7556}") = "FabioVeroli", "FabioVeroli\FabioVeroli.csproj", "{44AF4D9E-9D6B-4934-B84E-3F0D8F0A391D}"
EndProject
Project("{9A19103F-16F7-4668-BE54-9A1E7A4F7556}") = "RacheleMargutti", "RacheleMargutti\RacheleMargutti.csproj", "{BB5B160E-A7AB-47FF-A9A6-9036FC60D774}"
EndProject
Project("{9A19103F-16F7-4668-BE54-9A1E7A4F7556}") = "SaraCappelletti", "SaraCappelletti\SaraCappelletti.csproj", "{5858F93E-CDF3-4182-A02D-6B5099C5091A}"
EndProject
Project("{9A19103F-16F7-4668-BE54-9A1E7A4F7556}") = "Commons", "Commons\Commons.csproj", "{18B9A870-D2E4-4B5C-897D-AB70320DD027}"
EndProject
Project("{FAE04EC0-301F-11D3-BF4B-00C04F79EFBC}") = "DavideTonelli", "DavideTonelli\DavideTonelli.csproj", "{22FFE39A-1E83-49EF-BB81-E90A16317D58}"
EndProject
Global
	GlobalSection(SolutionConfigurationPlatforms) = preSolution
		Debug|Any CPU = Debug|Any CPU
		Release|Any CPU = Release|Any CPU
	EndGlobalSection
	GlobalSection(ProjectConfigurationPlatforms) = postSolution
		{44AF4D9E-9D6B-4934-B84E-3F0D8F0A391D}.Debug|Any CPU.ActiveCfg = Debug|Any CPU
		{44AF4D9E-9D6B-4934-B84E-3F0D8F0A391D}.Debug|Any CPU.Build.0 = Debug|Any CPU
		{44AF4D9E-9D6B-4934-B84E-3F0D8F0A391D}.Release|Any CPU.ActiveCfg = Release|Any CPU
		{44AF4D9E-9D6B-4934-B84E-3F0D8F0A391D}.Release|Any CPU.Build.0 = Release|Any CPU
		{BB5B160E-A7AB-47FF-A9A6-9036FC60D774}.Debug|Any CPU.ActiveCfg = Debug|Any CPU
		{BB5B160E-A7AB-47FF-A9A6-9036FC60D774}.Debug|Any CPU.Build.0 = Debug|Any CPU
		{BB5B160E-A7AB-47FF-A9A6-9036FC60D774}.Release|Any CPU.ActiveCfg = Release|Any CPU
		{BB5B160E-A7AB-47FF-A9A6-9036FC60D774}.Release|Any CPU.Build.0 = Release|Any CPU
		{5858F93E-CDF3-4182-A02D-6B5099C5091A}.Debug|Any CPU.ActiveCfg = Debug|Any CPU
		{5858F93E-CDF3-4182-A02D-6B5099C5091A}.Debug|Any CPU.Build.0 = Debug|Any CPU
		{5858F93E-CDF3-4182-A02D-6B5099C5091A}.Release|Any CPU.ActiveCfg = Release|Any CPU
		{5858F93E-CDF3-4182-A02D-6B5099C5091A}.Release|Any CPU.Build.0 = Release|Any CPU
		{18B9A870-D2E4-4B5C-897D-AB70320DD027}.Debug|Any CPU.ActiveCfg = Debug|Any CPU
		{18B9A870-D2E4-4B5C-897D-AB70320DD027}.Debug|Any CPU.Build.0 = Debug|Any CPU
		{18B9A870-D2E4-4B5C-897D-AB70320DD027}.Release|Any CPU.ActiveCfg = Release|Any CPU
		{18B9A870-D2E4-4B5C-897D-AB70320DD027}.Release|Any CPU.Build.0 = Release|Any CPU
		{22FFE39A-1E83-49EF-BB81-E90A16317D58}.Debug|Any CPU.ActiveCfg = Debug|Any CPU
		{22FFE39A-1E83-49EF-BB81-E90A16317D58}.Debug|Any CPU.Build.0 = Debug|Any CPU
		{22FFE39A-1E83-49EF-BB81-E90A16317D58}.Release|Any CPU.ActiveCfg = Release|Any CPU
		{22FFE39A-1E83-49EF-BB81-E90A16317D58}.Release|Any CPU.Build.0 = Release|Any CPU
	EndGlobalSection
	GlobalSection(SolutionProperties) = preSolution
		HideSolutionNode = FALSE
	EndGlobalSection
	GlobalSection(ExtensibilityGlobals) = postSolution
		SolutionGuid = {38DBE0B7-1454-4D90-A18F-830A21EF4C6B}
	EndGlobalSection
EndGlobal
